
Microsoft Visual Studio Solution File, Format Version 12.00
# Visual Studio Version 16
VisualStudioVersion = 16.0.31402.337
MinimumVisualStudioVersion = 10.0.40219.1
Project("{9A19103F-16F7-4668-BE54-9A1E7A4F7556}") = "ServerApp", "ServerApp\ServerApp.csproj", "{BD9E1919-BEC1-44BF-8099-816AB95379F0}"
EndProject
Project("{9A19103F-16F7-4668-BE54-9A1E7A4F7556}") = "Data", "..\Domain\Data.csproj", "{9195FD56-586B-4340-B623-5C02CB1741CF}"
EndProject
Project("{9A19103F-16F7-4668-BE54-9A1E7A4F7556}") = "Domain", "..\Data\Domain.csproj", "{EB579F0D-AC1E-41B2-BC96-4BDF540C7739}"
EndProject
Project("{9A19103F-16F7-4668-BE54-9A1E7A4F7556}") = "Service", "Service\Service.csproj", "{0F784303-9852-4C0B-9E2F-E3E4F725ADDC}"
EndProject
Project("{9A19103F-16F7-4668-BE54-9A1E7A4F7556}") = "Tests", "..\Tests\Tests.csproj", "{029F59DA-3274-4110-9CB9-9A0B6D60D0E8}"
EndProject
Global
	GlobalSection(SolutionConfigurationPlatforms) = preSolution
		Debug|Any CPU = Debug|Any CPU
		Release|Any CPU = Release|Any CPU
	EndGlobalSection
	GlobalSection(ProjectConfigurationPlatforms) = postSolution
		{BD9E1919-BEC1-44BF-8099-816AB95379F0}.Debug|Any CPU.ActiveCfg = Debug|Any CPU
		{BD9E1919-BEC1-44BF-8099-816AB95379F0}.Debug|Any CPU.Build.0 = Debug|Any CPU
		{BD9E1919-BEC1-44BF-8099-816AB95379F0}.Release|Any CPU.ActiveCfg = Release|Any CPU
		{BD9E1919-BEC1-44BF-8099-816AB95379F0}.Release|Any CPU.Build.0 = Release|Any CPU
		{9195FD56-586B-4340-B623-5C02CB1741CF}.Debug|Any CPU.ActiveCfg = Debug|Any CPU
		{9195FD56-586B-4340-B623-5C02CB1741CF}.Debug|Any CPU.Build.0 = Debug|Any CPU
		{9195FD56-586B-4340-B623-5C02CB1741CF}.Release|Any CPU.ActiveCfg = Release|Any CPU
		{9195FD56-586B-4340-B623-5C02CB1741CF}.Release|Any CPU.Build.0 = Release|Any CPU
		{EB579F0D-AC1E-41B2-BC96-4BDF540C7739}.Debug|Any CPU.ActiveCfg = Debug|Any CPU
		{EB579F0D-AC1E-41B2-BC96-4BDF540C7739}.Debug|Any CPU.Build.0 = Debug|Any CPU
		{EB579F0D-AC1E-41B2-BC96-4BDF540C7739}.Release|Any CPU.ActiveCfg = Release|Any CPU
		{EB579F0D-AC1E-41B2-BC96-4BDF540C7739}.Release|Any CPU.Build.0 = Release|Any CPU
		{0F784303-9852-4C0B-9E2F-E3E4F725ADDC}.Debug|Any CPU.ActiveCfg = Debug|Any CPU
		{0F784303-9852-4C0B-9E2F-E3E4F725ADDC}.Debug|Any CPU.Build.0 = Debug|Any CPU
		{0F784303-9852-4C0B-9E2F-E3E4F725ADDC}.Release|Any CPU.ActiveCfg = Release|Any CPU
		{0F784303-9852-4C0B-9E2F-E3E4F725ADDC}.Release|Any CPU.Build.0 = Release|Any CPU
		{029F59DA-3274-4110-9CB9-9A0B6D60D0E8}.Debug|Any CPU.ActiveCfg = Debug|Any CPU
		{029F59DA-3274-4110-9CB9-9A0B6D60D0E8}.Debug|Any CPU.Build.0 = Debug|Any CPU
		{029F59DA-3274-4110-9CB9-9A0B6D60D0E8}.Release|Any CPU.ActiveCfg = Release|Any CPU
		{029F59DA-3274-4110-9CB9-9A0B6D60D0E8}.Release|Any CPU.Build.0 = Release|Any CPU
	EndGlobalSection
	GlobalSection(SolutionProperties) = preSolution
		HideSolutionNode = FALSE
	EndGlobalSection
	GlobalSection(ExtensibilityGlobals) = postSolution
		SolutionGuid = {3D1AF015-A3DA-4E48-83E5-B2AFBD89FBA6}
	EndGlobalSection
EndGlobal
